
Microsoft Visual Studio Solution File, Format Version 12.00
# Visual Studio 15
VisualStudioVersion = 15.0.27703.2035
MinimumVisualStudioVersion = 10.0.40219.1
Project("{FAE04EC0-301F-11D3-BF4B-00C04F79EFBC}") = "page 116 methods", "page 116 methods\page 116 methods.csproj", "{BBFB89A6-4BC5-48AD-A7A7-B2213172FCE7}"
EndProject
Global
	GlobalSection(SolutionConfigurationPlatforms) = preSolution
		Debug|Any CPU = Debug|Any CPU
		Release|Any CPU = Release|Any CPU
	EndGlobalSection
	GlobalSection(ProjectConfigurationPlatforms) = postSolution
		{BBFB89A6-4BC5-48AD-A7A7-B2213172FCE7}.Debug|Any CPU.ActiveCfg = Debug|Any CPU
		{BBFB89A6-4BC5-48AD-A7A7-B2213172FCE7}.Debug|Any CPU.Build.0 = Debug|Any CPU
		{BBFB89A6-4BC5-48AD-A7A7-B2213172FCE7}.Release|Any CPU.ActiveCfg = Release|Any CPU
		{BBFB89A6-4BC5-48AD-A7A7-B2213172FCE7}.Release|Any CPU.Build.0 = Release|Any CPU
	EndGlobalSection
	GlobalSection(SolutionProperties) = preSolution
		HideSolutionNode = FALSE
	EndGlobalSection
	GlobalSection(ExtensibilityGlobals) = postSolution
		SolutionGuid = {9191B763-027E-41CB-BEBC-29109C950742}
	EndGlobalSection
EndGlobal
