
Microsoft Visual Studio Solution File, Format Version 12.00
# Visual Studio 15
VisualStudioVersion = 15.0.27703.2035
MinimumVisualStudioVersion = 10.0.40219.1
Project("{FAE04EC0-301F-11D3-BF4B-00C04F79EFBC}") = "page 113 methods and classes", "page 113 methods and classes\page 113 methods and classes.csproj", "{91497A36-521D-4864-B4BE-4587E75DF122}"
EndProject
Global
	GlobalSection(SolutionConfigurationPlatforms) = preSolution
		Debug|Any CPU = Debug|Any CPU
		Release|Any CPU = Release|Any CPU
	EndGlobalSection
	GlobalSection(ProjectConfigurationPlatforms) = postSolution
		{91497A36-521D-4864-B4BE-4587E75DF122}.Debug|Any CPU.ActiveCfg = Debug|Any CPU
		{91497A36-521D-4864-B4BE-4587E75DF122}.Debug|Any CPU.Build.0 = Debug|Any CPU
		{91497A36-521D-4864-B4BE-4587E75DF122}.Release|Any CPU.ActiveCfg = Release|Any CPU
		{91497A36-521D-4864-B4BE-4587E75DF122}.Release|Any CPU.Build.0 = Release|Any CPU
	EndGlobalSection
	GlobalSection(SolutionProperties) = preSolution
		HideSolutionNode = FALSE
	EndGlobalSection
	GlobalSection(ExtensibilityGlobals) = postSolution
		SolutionGuid = {9E77D708-9A4D-48EE-8589-5F10EF700017}
	EndGlobalSection
EndGlobal
