
Microsoft Visual Studio Solution File, Format Version 12.00
# Visual Studio 15
VisualStudioVersion = 15.0.27703.2035
MinimumVisualStudioVersion = 10.0.40219.1
Project("{FAE04EC0-301F-11D3-BF4B-00C04F79EFBC}") = "page 112 methods and classes part 2", "page 112 methods and classes part 2\page 112 methods and classes part 2.csproj", "{ABC4821C-87D5-46E3-BAF8-0DE9D3E3DE42}"
EndProject
Global
	GlobalSection(SolutionConfigurationPlatforms) = preSolution
		Debug|Any CPU = Debug|Any CPU
		Release|Any CPU = Release|Any CPU
	EndGlobalSection
	GlobalSection(ProjectConfigurationPlatforms) = postSolution
		{ABC4821C-87D5-46E3-BAF8-0DE9D3E3DE42}.Debug|Any CPU.ActiveCfg = Debug|Any CPU
		{ABC4821C-87D5-46E3-BAF8-0DE9D3E3DE42}.Debug|Any CPU.Build.0 = Debug|Any CPU
		{ABC4821C-87D5-46E3-BAF8-0DE9D3E3DE42}.Release|Any CPU.ActiveCfg = Release|Any CPU
		{ABC4821C-87D5-46E3-BAF8-0DE9D3E3DE42}.Release|Any CPU.Build.0 = Release|Any CPU
	EndGlobalSection
	GlobalSection(SolutionProperties) = preSolution
		HideSolutionNode = FALSE
	EndGlobalSection
	GlobalSection(ExtensibilityGlobals) = postSolution
		SolutionGuid = {00B13335-155B-4BA2-AD08-0863A608841E}
	EndGlobalSection
EndGlobal
